
Microsoft Visual Studio Solution File, Format Version 12.00
# Visual Studio Version 17
VisualStudioVersion = 17.7.34031.279
MinimumVisualStudioVersion = 10.0.40219.1
Project("{FAE04EC0-301F-11D3-BF4B-00C04F79EFBC}") = "ApplicationFooBarQix", "ApplicationFooBarQix\ApplicationFooBarQix.csproj", "{8A860E4C-FE2C-4651-99B6-4C9D25EDDA2D}"
EndProject
Global
	GlobalSection(SolutionConfigurationPlatforms) = preSolution
		Debug|Any CPU = Debug|Any CPU
		Release|Any CPU = Release|Any CPU
	EndGlobalSection
	GlobalSection(ProjectConfigurationPlatforms) = postSolution
		{8A860E4C-FE2C-4651-99B6-4C9D25EDDA2D}.Debug|Any CPU.ActiveCfg = Debug|Any CPU
		{8A860E4C-FE2C-4651-99B6-4C9D25EDDA2D}.Debug|Any CPU.Build.0 = Debug|Any CPU
		{8A860E4C-FE2C-4651-99B6-4C9D25EDDA2D}.Release|Any CPU.ActiveCfg = Release|Any CPU
		{8A860E4C-FE2C-4651-99B6-4C9D25EDDA2D}.Release|Any CPU.Build.0 = Release|Any CPU
	EndGlobalSection
	GlobalSection(SolutionProperties) = preSolution
		HideSolutionNode = FALSE
	EndGlobalSection
	GlobalSection(ExtensibilityGlobals) = postSolution
		SolutionGuid = {A2A945CA-AC9C-474D-9EB9-26D20C4D1F76}
	EndGlobalSection
EndGlobal
